
Microsoft Visual Studio Solution File, Format Version 11.00
# Visual Studio 2010
Project("{FAE04EC0-301F-11D3-BF4B-00C04F79EFBC}") = "JsonDotNet", "JsonDotNet\JsonDotNet.csproj", "{B51035B9-F3B2-4532-B5C3-D4B17789CE7F}"
EndProject
Global
	GlobalSection(SolutionConfigurationPlatforms) = preSolution
		Editor|Any CPU = Editor|Any CPU
		iOS|Any CPU = iOS|Any CPU
		Android|Any CPU = Android|Any CPU
	EndGlobalSection
	GlobalSection(ProjectConfigurationPlatforms) = postSolution
		{B51035B9-F3B2-4532-B5C3-D4B17789CE7F}.Android|Any CPU.ActiveCfg = Android|Any CPU
		{B51035B9-F3B2-4532-B5C3-D4B17789CE7F}.Android|Any CPU.Build.0 = Android|Any CPU
		{B51035B9-F3B2-4532-B5C3-D4B17789CE7F}.Editor|Any CPU.ActiveCfg = Editor|Any CPU
		{B51035B9-F3B2-4532-B5C3-D4B17789CE7F}.Editor|Any CPU.Build.0 = Editor|Any CPU
		{B51035B9-F3B2-4532-B5C3-D4B17789CE7F}.iOS|Any CPU.ActiveCfg = iOS|Any CPU
		{B51035B9-F3B2-4532-B5C3-D4B17789CE7F}.iOS|Any CPU.Build.0 = iOS|Any CPU
	EndGlobalSection
	GlobalSection(MonoDevelopProperties) = preSolution
		StartupItem = JsonDotNet\JsonDotNet.csproj
	EndGlobalSection
EndGlobal
